
Microsoft Visual Studio Solution File, Format Version 12.00
# Visual Studio Version 16
VisualStudioVersion = 16.0.32106.194
MinimumVisualStudioVersion = 10.0.40219.1
Project("{FAE04EC0-301F-11D3-BF4B-00C04F79EFBC}") = "WebApplication1", "WebApplication1.csproj", "{4338B348-8611-4158-9ECF-16448AA9D887}"
EndProject
Global
	GlobalSection(SolutionConfigurationPlatforms) = preSolution
		Debug|Any CPU = Debug|Any CPU
		Release|Any CPU = Release|Any CPU
	EndGlobalSection
	GlobalSection(ProjectConfigurationPlatforms) = postSolution
		{4338B348-8611-4158-9ECF-16448AA9D887}.Debug|Any CPU.ActiveCfg = Debug|Any CPU
		{4338B348-8611-4158-9ECF-16448AA9D887}.Debug|Any CPU.Build.0 = Debug|Any CPU
		{4338B348-8611-4158-9ECF-16448AA9D887}.Release|Any CPU.ActiveCfg = Release|Any CPU
		{4338B348-8611-4158-9ECF-16448AA9D887}.Release|Any CPU.Build.0 = Release|Any CPU
	EndGlobalSection
	GlobalSection(SolutionProperties) = preSolution
		HideSolutionNode = FALSE
	EndGlobalSection
	GlobalSection(ExtensibilityGlobals) = postSolution
		SolutionGuid = {81BA033A-0B11-4A22-A057-BC12CB420A3A}
	EndGlobalSection
EndGlobal
